// !$*UTF8*$!
{
	archiveVersion = 1;
	classes = {
	};
	objectVersion = 46;
	objects = {

/* Begin PBXBuildFile section */
		837B2AF91CF6A6A5008BD507 /* AppDelegate.swift in Sources */ = {isa = PBXBuildFile; fileRef = 837B2AF81CF6A6A5008BD507 /* AppDelegate.swift */; };
		837B2AFB1CF6A6A5008BD507 /* ViewController.swift in Sources */ = {isa = PBXBuildFile; fileRef = 837B2AFA1CF6A6A5008BD507 /* ViewController.swift */; };
		837B2AFE1CF6A6A5008BD507 /* Main.storyboard in Resources */ = {isa = PBXBuildFile; fileRef = 837B2AFC1CF6A6A5008BD507 /* Main.storyboard */; };
		837B2B001CF6A6A5008BD507 /* Assets.xcassets in Resources */ = {isa = PBXBuildFile; fileRef = 837B2AFF1CF6A6A5008BD507 /* Assets.xcassets */; };
		837B2B031CF6A6A5008BD507 /* LaunchScreen.storyboard in Resources */ = {isa = PBXBuildFile; fileRef = 837B2B011CF6A6A5008BD507 /* LaunchScreen.storyboard */; };
/* End PBXBuildFile section */

/* Begin PBXFileReference section */
		837B2AF51CF6A6A5008BD507 /* rpgOOP.app */ = {isa = PBXFileReference; explicitFileType = wrapper.application; includeInIndex = 0; path = rpgOOP.app; sourceTree = BUILT_PRODUCTS_DIR; };
		837B2AF81CF6A6A5008BD507 /* AppDelegate.swift */ = {isa = PBXFileReference; lastKnownFileType = sourcecode.swift; path = AppDelegate.swift; sourceTree = "<group>"; };
		837B2AFA1CF6A6A5008BD507 /* ViewController.swift */ = {isa = PBXFileReference; lastKnownFileType = sourcecode.swift; path = ViewController.swift; sourceTree = "<group>"; };
		837B2AFD1CF6A6A5008BD507 /* Base */ = {isa = PBXFileReference; lastKnownFileType = file.storyboard; name = Base; path = Base.lproj/Main.storyboard; sourceTree = "<group>"; };
		837B2AFF1CF6A6A5008BD507 /* Assets.xcassets */ = {isa = PBXFileReference; lastKnownFileType = folder.assetcatalog; path = Assets.xcassets; sourceTree = "<group>"; };
		837B2B021CF6A6A5008BD507 /* Base */ = {isa = PBXFileReference; lastKnownFileType = file.storyboard; name = Base; path = Base.lproj/LaunchScreen.storyboard; sourceTree = "<group>"; };
		837B2B041CF6A6A5008BD507 /* Info.plist */ = {isa = PBXFileReference; lastKnownFileType = text.plist.xml; path = Info.plist; sourceTree = "<group>"; };
/* End PBXFileReference section */

/* Begin PBXFrameworksBuildPhase section */
		837B2AF21CF6A6A5008BD507 /* Frameworks */ = {
			isa = PBXFrameworksBuildPhase;
			buildActionMask = 2147483647;
			files = (
			);
			runOnlyForDeploymentPostprocessing = 0;
		};
/* End PBXFrameworksBuildPhase section */

/* Begin PBXGroup section */
		837B2AEC1CF6A6A5008BD507 = {
			isa = PBXGroup;
			children = (
				837B2AF71CF6A6A5008BD507 /* rpgOOP */,
				837B2AF61CF6A6A5008BD507 /* Products */,
			);
			sourceTree = "<group>";
		};
		837B2AF61CF6A6A5008BD507 /* Products */ = {
			isa = PBXGroup;
			children = (
				837B2AF51CF6A6A5008BD507 /* rpgOOP.app */,
			);
			name = Products;
			sourceTree = "<group>";
		};
		837B2AF71CF6A6A5008BD507 /* rpgOOP */ = {
			isa = PBXGroup;
			children = (
				837B2AF81CF6A6A5008BD507 /* AppDelegate.swift */,
				837B2AFA1CF6A6A5008BD507 /* ViewController.swift */,
				837B2AFC1CF6A6A5008BD507 /* Main.storyboard */,
				837B2AFF1CF6A6A5008BD507 /* Assets.xcassets */,
				837B2B011CF6A6A5008BD507 /* LaunchScreen.storyboard */,
				837B2B041CF6A6A5008BD507 /* Info.plist */,
			);
			path = rpgOOP;
			sourceTree = "<group>";
		};
/* End PBXGroup section */

/* Begin PBXNativeTarget section */
		837B2AF41CF6A6A5008BD507 /* rpgOOP */ = {
			isa = PBXNativeTarget;
			buildConfigurationList = 837B2B071CF6A6A5008BD507 /* Build configuration list for PBXNativeTarget "rpgOOP" */;
			buildPhases = (
				837B2AF11CF6A6A5008BD507 /* Sources */,
				837B2AF21CF6A6A5008BD507 /* Frameworks */,
				837B2AF31CF6A6A5008BD507 /* Resources */,
			);
			buildRules = (
			);
			dependencies = (
			);
			name = rpgOOP;
			productName = rpgOOP;
			productReference = 837B2AF51CF6A6A5008BD507 /* rpgOOP.app */;
			productType = "com.apple.product-type.application";
		};
/* End PBXNativeTarget section */

/* Begin PBXProject section */
		837B2AED1CF6A6A5008BD507 /* Project object */ = {
			isa = PBXProject;
			attributes = {
				LastSwiftUpdateCheck = 0730;
				LastUpgradeCheck = 0730;
				ORGANIZATIONNAME = "Chris Nowak Tho, LLC";
				TargetAttributes = {
					837B2AF41CF6A6A5008BD507 = {
						CreatedOnToolsVersion = 7.3.1;
					};
				};
			};
			buildConfigurationList = 837B2AF01CF6A6A5008BD507 /* Build configuration list for PBXProject "rpgOOP" */;
			compatibilityVersion = "Xcode 3.2";
			developmentRegion = English;
			hasScannedForEncodings = 0;
			knownRegions = (
				en,
				Base,
			);
			mainGroup = 837B2AEC1CF6A6A5008BD507;
			productRefGroup = 837B2AF61CF6A6A5008BD507 /* Products */;
			projectDirPath = "";
			projectRoot = "";
			targets = (
				837B2AF41CF6A6A5008BD507 /* rpgOOP */,
			);
		};
/* End PBXProject section */

/* Begin PBXResourcesBuildPhase section */
		837B2AF31CF6A6A5008BD507 /* Resources */ = {
			isa = PBXResourcesBuildPhase;
			buildActionMask = 2147483647;
			files = (
				837B2B031CF6A6A5008BD507 /* LaunchScreen.storyboard in Resources */,
				837B2B001CF6A6A5008BD507 /* Assets.xcassets in Resources */,
				837B2AFE1CF6A6A5008BD507 /* Main.storyboard in Resources */,
			);
			runOnlyForDeploymentPostprocessing = 0;
		};
/* End PBXResourcesBuildPhase section */

/* Begin PBXSourcesBuildPhase section */
		837B2AF11CF6A6A5008BD507 /* Sources */ = {
			isa = PBXSourcesBuildPhase;
			buildActionMask = 2147483647;
			files = (
				837B2AFB1CF6A6A5008BD507 /* ViewController.swift in Sources */,
				837B2AF91CF6A6A5008BD507 /* AppDelegate.swift in Sources */,
			);
			runOnlyForDeploymentPostprocessing = 0;
		};
/* End PBXSourcesBuildPhase section */

/* Begin PBXVariantGroup section */
		837B2AFC1CF6A6A5008BD507 /* Main.storyboard */ = {
			isa = PBXVariantGroup;
			children = (
				837B2AFD1CF6A6A5008BD507 /* Base */,
			);
			name = Main.storyboard;
			sourceTree = "<group>";
		};
		837B2B011CF6A6A5008BD507 /* LaunchScreen.storyboard */ = {
			isa = PBXVariantGroup;
			children = (
				837B2B021CF6A6A5008BD507 /* Base */,
			);
			name = LaunchScreen.storyboard;
			sourceTree = "<group>";
		};
/* End PBXVariantGroup section */

/* Begin XCBuildConfiguration section */
		837B2B051CF6A6A5008BD507 /* Debug */ = {
			isa = XCBuildConfiguration;
			buildSettings = {
				ALWAYS_SEARCH_USER_PATHS = NO;
				CLANG_ANALYZER_NONNULL = YES;
				CLANG_CXX_LANGUAGE_STANDARD = "gnu++0x";
				CLANG_CXX_LIBRARY = "libc++";
				CLANG_ENABLE_MODULES = YES;
				CLANG_ENABLE_OBJC_ARC = YES;
				CLANG_WARN_BOOL_CONVERSION = YES;
				CLANG_WARN_CONSTANT_CONVERSION = YES;
				CLANG_WARN_DIRECT_OBJC_ISA_USAGE = YES_ERROR;
				CLANG_WARN_EMPTY_BODY = YES;
				CLANG_WARN_ENUM_CONVERSION = YES;
				CLANG_WARN_INT_CONVERSION = YES;
				CLANG_WARN_OBJC_ROOT_CLASS = YES_ERROR;
				CLANG_WARN_UNREACHABLE_CODE = YES;
				CLANG_WARN__DUPLICATE_METHOD_MATCH = YES;
				"CODE_SIGN_IDENTITY[sdk=iphoneos*]" = "iPhone Developer";
				COPY_PHASE_STRIP = NO;
				DEBUG_INFORMATION_FORMAT = dwarf;
				ENABLE_STRICT_OBJC_MSGSEND = YES;
				ENABLE_TESTABILITY = YES;
				GCC_C_LANGUAGE_STANDARD = gnu99;
				GCC_DYNAMIC_NO_PIC = NO;
				GCC_NO_COMMON_BLOCKS = YES;
				GCC_OPTIMIZATION_LEVEL = 0;
				GCC_PREPROCESSOR_DEFINITIONS = (
					"DEBUG=1",
					"$(inherited)",
				);
				GCC_WARN_64_TO_32_BIT_CONVERSION = YES;
				GCC_WARN_ABOUT_RETURN_TYPE = YES_ERROR;
				GCC_WARN_UNDECLARED_SELECTOR = YES;
				GCC_WARN_UNINITIALIZED_AUTOS = YES_AGGRESSIVE;
				GCC_WARN_UNUSED_FUNCTION = YES;
				GCC_WARN_UNUSED_VARIABLE = YES;
				IPHONEOS_DEPLOYMENT_TARGET = 9.3;
				MTL_ENABLE_DEBUG_INFO = YES;
				ONLY_ACTIVE_ARCH = YES;
				SDKROOT = iphoneos;
				SWIFT_OPTIMIZATION_LEVEL = "-Onone";
				TARGETED_DEVICE_FAMILY = "1,2";
			};
			name = Debug;
		};
		837B2B061CF6A6A5008BD507 /* Release */ = {
			isa = XCBuildConfiguration;
			buildSettings = {
				ALWAYS_SEARCH_USER_PATHS = NO;
				CLANG_ANALYZER_NONNULL = YES;
				CLANG_CXX_LANGUAGE_STANDARD = "gnu++0x";
				CLANG_CXX_LIBRARY = "libc++";
				CLANG_ENABLE_MODULES = YES;
				CLANG_ENABLE_OBJC_ARC = YES;
				CLANG_WARN_BOOL_CONVERSION = YES;
				CLANG_WARN_CONSTANT_CONVERSION = YES;
				CLANG_WARN_DIRECT_OBJC_ISA_USAGE = YES_ERROR;
				CLANG_WARN_EMPTY_BODY = YES;
				CLANG_WARN_ENUM_CONVERSION = YES;
				CLANG_WARN_INT_CONVERSION = YES;
				CLANG_WARN_OBJC_ROOT_CLASS = YES_ERROR;
				CLANG_WARN_UNREACHABLE_CODE = YES;
				CLANG_WARN__DUPLICATE_METHOD_MATCH = YES;
				"CODE_SIGN_IDENTITY[sdk=iphoneos*]" = "iPhone Developer";
				COPY_PHASE_STRIP = NO;
				DEBUG_INFORMATION_FORMAT = "dwarf-with-dsym";
				ENABLE_NS_ASSERTIONS = NO;
				ENABLE_STRICT_OBJC_MSGSEND = YES;
				GCC_C_LANGUAGE_STANDARD = gnu99;
				GCC_NO_COMMON_BLOCKS = YES;
				GCC_WARN_64_TO_32_BIT_CONVERSION = YES;
				GCC_WARN_ABOUT_RETURN_TYPE = YES_ERROR;
				GCC_WARN_UNDECLARED_SELECTOR = YES;
				GCC_WARN_UNINITIALIZED_AUTOS = YES_AGGRESSIVE;
				GCC_WARN_UNUSED_FUNCTION = YES;
				GCC_WARN_UNUSED_VARIABLE = YES;
				IPHONEOS_DEPLOYMENT_TARGET = 9.3;
				MTL_ENABLE_DEBUG_INFO = NO;
				SDKROOT = iphoneos;
				TARGETED_DEVICE_FAMILY = "1,2";
				VALIDATE_PRODUCT = YES;
			};
			name = Release;
		};
		837B2B081CF6A6A5008BD507 /* Debug */ = {
			isa = XCBuildConfiguration;
			buildSettings = {
				ASSETCATALOG_COMPILER_APPICON_NAME = AppIcon;
				INFOPLIST_FILE = rpgOOP/Info.plist;
				LD_RUNPATH_SEARCH_PATHS = "$(inherited) @executable_path/Frameworks";
				PRODUCT_BUNDLE_IDENTIFIER = com.chrisNowakTho.rpgOOP;
				PRODUCT_NAME = "$(TARGET_NAME)";
			};
			name = Debug;
		};
		837B2B091CF6A6A5008BD507 /* Release */ = {
			isa = XCBuildConfiguration;
			buildSettings = {
				ASSETCATALOG_COMPILER_APPICON_NAME = AppIcon;
				INFOPLIST_FILE = rpgOOP/Info.plist;
				LD_RUNPATH_SEARCH_PATHS = "$(inherited) @executable_path/Frameworks";
				PRODUCT_BUNDLE_IDENTIFIER = com.chrisNowakTho.rpgOOP;
				PRODUCT_NAME = "$(TARGET_NAME)";
			};
			name = Release;
		};
/* End XCBuildConfiguration section */

/* Begin XCConfigurationList section */
		837B2AF01CF6A6A5008BD507 /* Build configuration list for PBXProject "rpgOOP" */ = {
			isa = XCConfigurationList;
			buildConfigurations = (
				837B2B051CF6A6A5008BD507 /* Debug */,
				837B2B061CF6A6A5008BD507 /* Release */,
			);
			defaultConfigurationIsVisible = 0;
			defaultConfigurationName = Release;
		};
		837B2B071CF6A6A5008BD507 /* Build configuration list for PBXNativeTarget "rpgOOP" */ = {
			isa = XCConfigurationList;
			buildConfigurations = (
				837B2B081CF6A6A5008BD507 /* Debug */,
				837B2B091CF6A6A5008BD507 /* Release */,
			);
			defaultConfigurationIsVisible = 0;
		};
/* End XCConfigurationList section */
	};
	rootObject = 837B2AED1CF6A6A5008BD507 /* Project object */;
}
